
Microsoft Visual Studio Solution File, Format Version 12.00
# Visual Studio Version 17
VisualStudioVersion = 17.12.35527.113
MinimumVisualStudioVersion = 10.0.40219.1
Project("{FAE04EC0-301F-11D3-BF4B-00C04F79EFBC}") = "kioskProject", "kioskProject\kioskProject.csproj", "{9EFC5AB6-9D8B-4159-9BC2-ACF299F734E3}"
EndProject
Project("{FAE04EC0-301F-11D3-BF4B-00C04F79EFBC}") = "Sever", "Sever\Sever.csproj", "{EEECCC12-5E73-4E42-9989-166796812DC2}"
EndProject
Global
	GlobalSection(SolutionConfigurationPlatforms) = preSolution
		Debug|Any CPU = Debug|Any CPU
		Release|Any CPU = Release|Any CPU
	EndGlobalSection
	GlobalSection(ProjectConfigurationPlatforms) = postSolution
		{9EFC5AB6-9D8B-4159-9BC2-ACF299F734E3}.Debug|Any CPU.ActiveCfg = Debug|Any CPU
		{9EFC5AB6-9D8B-4159-9BC2-ACF299F734E3}.Debug|Any CPU.Build.0 = Debug|Any CPU
		{9EFC5AB6-9D8B-4159-9BC2-ACF299F734E3}.Release|Any CPU.ActiveCfg = Release|Any CPU
		{9EFC5AB6-9D8B-4159-9BC2-ACF299F734E3}.Release|Any CPU.Build.0 = Release|Any CPU
		{EEECCC12-5E73-4E42-9989-166796812DC2}.Debug|Any CPU.ActiveCfg = Debug|Any CPU
		{EEECCC12-5E73-4E42-9989-166796812DC2}.Debug|Any CPU.Build.0 = Debug|Any CPU
		{EEECCC12-5E73-4E42-9989-166796812DC2}.Release|Any CPU.ActiveCfg = Release|Any CPU
		{EEECCC12-5E73-4E42-9989-166796812DC2}.Release|Any CPU.Build.0 = Release|Any CPU
	EndGlobalSection
	GlobalSection(SolutionProperties) = preSolution
		HideSolutionNode = FALSE
	EndGlobalSection
EndGlobal
